// !$*UTF8*$!
{
	archiveVersion = 1;
	classes = {
	};
	objectVersion = 46;
	objects = {

/* Begin PBXBuildFile section */
		62264B811D217CE7008ADA24 /* LoadingOverlay.swift in Sources */ = {isa = PBXBuildFile; fileRef = 62264B801D217CE7008ADA24 /* LoadingOverlay.swift */; };
		62295CE21D0F07F800114063 /* CoursesMasterViewController.swift in Sources */ = {isa = PBXBuildFile; fileRef = 62295CE11D0F07F800114063 /* CoursesMasterViewController.swift */; };
		62295CE41D15846000114063 /* NotificationsMasterViewController.swift in Sources */ = {isa = PBXBuildFile; fileRef = 62295CE31D15846000114063 /* NotificationsMasterViewController.swift */; };
		62295CE81D1590F700114063 /* NotificationsDetailViewController.swift in Sources */ = {isa = PBXBuildFile; fileRef = 62295CE71D1590F700114063 /* NotificationsDetailViewController.swift */; };
		6284EB321D04BD84009AE243 /* LoginViewController.swift in Sources */ = {isa = PBXBuildFile; fileRef = 6284EB311D04BD84009AE243 /* LoginViewController.swift */; };
		62B067541D081B29001F8C8C /* Constants.swift in Sources */ = {isa = PBXBuildFile; fileRef = 62B067531D081B29001F8C8C /* Constants.swift */; };
		62B067571D0856BD001F8C8C /* Main.storyboard in Resources */ = {isa = PBXBuildFile; fileRef = 62B067551D0856BD001F8C8C /* Main.storyboard */; };
		62BA867A1CEA579E00538FE0 /* AppDelegate.swift in Sources */ = {isa = PBXBuildFile; fileRef = 62BA86791CEA579E00538FE0 /* AppDelegate.swift */; };
		62BA867E1CEA579E00538FE0 /* CoursesDetailViewController.swift in Sources */ = {isa = PBXBuildFile; fileRef = 62BA867D1CEA579E00538FE0 /* CoursesDetailViewController.swift */; };
		62BA86831CEA579F00538FE0 /* Assets.xcassets in Resources */ = {isa = PBXBuildFile; fileRef = 62BA86821CEA579F00538FE0 /* Assets.xcassets */; };
		62BA86861CEA579F00538FE0 /* LaunchScreen.storyboard in Resources */ = {isa = PBXBuildFile; fileRef = 62BA86841CEA579F00538FE0 /* LaunchScreen.storyboard */; };
		62BA86911CEA579F00538FE0 /* iSWADTests.swift in Sources */ = {isa = PBXBuildFile; fileRef = 62BA86901CEA579F00538FE0 /* iSWADTests.swift */; };
		62BA869C1CEA579F00538FE0 /* iSWADUITests.swift in Sources */ = {isa = PBXBuildFile; fileRef = 62BA869B1CEA579F00538FE0 /* iSWADUITests.swift */; };
		62BA86AA1CEA584E00538FE0 /* SoapConnectionInterface.swift in Sources */ = {isa = PBXBuildFile; fileRef = 62BA86A91CEA584E00538FE0 /* SoapConnectionInterface.swift */; };
		62E2DBF21CECA2D500A6885B /* Podfile in Resources */ = {isa = PBXBuildFile; fileRef = 62E2DBF11CECA2D500A6885B /* Podfile */; };
		62E348B51CF23624004BD63D /* Utils.swift in Sources */ = {isa = PBXBuildFile; fileRef = 62E348B41CF23624004BD63D /* Utils.swift */; };
		FF1A5B3C1D776973E5EED816 /* Pods_iSWAD.framework in Frameworks */ = {isa = PBXBuildFile; fileRef = A62EDA2F36E2FEAC7ED97D7E /* Pods_iSWAD.framework */; };
/* End PBXBuildFile section */

/* Begin PBXContainerItemProxy section */
		62BA868D1CEA579F00538FE0 /* PBXContainerItemProxy */ = {
			isa = PBXContainerItemProxy;
			containerPortal = 62BA866E1CEA579E00538FE0 /* Project object */;
			proxyType = 1;
			remoteGlobalIDString = 62BA86751CEA579E00538FE0;
			remoteInfo = iSWAD;
		};
		62BA86981CEA579F00538FE0 /* PBXContainerItemProxy */ = {
			isa = PBXContainerItemProxy;
			containerPortal = 62BA866E1CEA579E00538FE0 /* Project object */;
			proxyType = 1;
			remoteGlobalIDString = 62BA86751CEA579E00538FE0;
			remoteInfo = iSWAD;
		};
/* End PBXContainerItemProxy section */

/* Begin PBXFileReference section */
		08F6D23A4C7A825B79C31856 /* Pods-iSWAD.release.xcconfig */ = {isa = PBXFileReference; includeInIndex = 1; lastKnownFileType = text.xcconfig; name = "Pods-iSWAD.release.xcconfig"; path = "iSWAD/Pods/Target Support Files/Pods-iSWAD/Pods-iSWAD.release.xcconfig"; sourceTree = "<group>"; };
		62264B801D217CE7008ADA24 /* LoadingOverlay.swift */ = {isa = PBXFileReference; fileEncoding = 4; lastKnownFileType = sourcecode.swift; path = LoadingOverlay.swift; sourceTree = "<group>"; };
		62295CE11D0F07F800114063 /* CoursesMasterViewController.swift */ = {isa = PBXFileReference; fileEncoding = 4; lastKnownFileType = sourcecode.swift; path = CoursesMasterViewController.swift; sourceTree = "<group>"; };
		62295CE31D15846000114063 /* NotificationsMasterViewController.swift */ = {isa = PBXFileReference; fileEncoding = 4; lastKnownFileType = sourcecode.swift; path = NotificationsMasterViewController.swift; sourceTree = "<group>"; };
		62295CE71D1590F700114063 /* NotificationsDetailViewController.swift */ = {isa = PBXFileReference; fileEncoding = 4; lastKnownFileType = sourcecode.swift; path = NotificationsDetailViewController.swift; sourceTree = "<group>"; };
		6284EB311D04BD84009AE243 /* LoginViewController.swift */ = {isa = PBXFileReference; fileEncoding = 4; lastKnownFileType = sourcecode.swift; path = LoginViewController.swift; sourceTree = "<group>"; };
		62B067531D081B29001F8C8C /* Constants.swift */ = {isa = PBXFileReference; fileEncoding = 4; lastKnownFileType = sourcecode.swift; path = Constants.swift; sourceTree = "<group>"; };
		62B067561D0856BD001F8C8C /* Base */ = {isa = PBXFileReference; lastKnownFileType = file.storyboard; name = Base; path = Base.lproj/Main.storyboard; sourceTree = "<group>"; };
		62BA86761CEA579E00538FE0 /* iSWAD.app */ = {isa = PBXFileReference; explicitFileType = wrapper.application; includeInIndex = 0; path = iSWAD.app; sourceTree = BUILT_PRODUCTS_DIR; };
		62BA86791CEA579E00538FE0 /* AppDelegate.swift */ = {isa = PBXFileReference; lastKnownFileType = sourcecode.swift; path = AppDelegate.swift; sourceTree = "<group>"; };
		62BA867D1CEA579E00538FE0 /* CoursesDetailViewController.swift */ = {isa = PBXFileReference; lastKnownFileType = sourcecode.swift; path = CoursesDetailViewController.swift; sourceTree = "<group>"; };
		62BA86821CEA579F00538FE0 /* Assets.xcassets */ = {isa = PBXFileReference; lastKnownFileType = folder.assetcatalog; path = Assets.xcassets; sourceTree = "<group>"; };
		62BA86851CEA579F00538FE0 /* Base */ = {isa = PBXFileReference; lastKnownFileType = file.storyboard; name = Base; path = Base.lproj/LaunchScreen.storyboard; sourceTree = "<group>"; };
		62BA86871CEA579F00538FE0 /* Info.plist */ = {isa = PBXFileReference; lastKnownFileType = text.plist.xml; path = Info.plist; sourceTree = "<group>"; };
		62BA868C1CEA579F00538FE0 /* iSWADTests.xctest */ = {isa = PBXFileReference; explicitFileType = wrapper.cfbundle; includeInIndex = 0; path = iSWADTests.xctest; sourceTree = BUILT_PRODUCTS_DIR; };
		62BA86901CEA579F00538FE0 /* iSWADTests.swift */ = {isa = PBXFileReference; lastKnownFileType = sourcecode.swift; path = iSWADTests.swift; sourceTree = "<group>"; };
		62BA86921CEA579F00538FE0 /* Info.plist */ = {isa = PBXFileReference; lastKnownFileType = text.plist.xml; path = Info.plist; sourceTree = "<group>"; };
		62BA86971CEA579F00538FE0 /* iSWADUITests.xctest */ = {isa = PBXFileReference; explicitFileType = wrapper.cfbundle; includeInIndex = 0; path = iSWADUITests.xctest; sourceTree = BUILT_PRODUCTS_DIR; };
		62BA869B1CEA579F00538FE0 /* iSWADUITests.swift */ = {isa = PBXFileReference; lastKnownFileType = sourcecode.swift; path = iSWADUITests.swift; sourceTree = "<group>"; };
		62BA869D1CEA579F00538FE0 /* Info.plist */ = {isa = PBXFileReference; lastKnownFileType = text.plist.xml; path = Info.plist; sourceTree = "<group>"; };
		62BA86A91CEA584E00538FE0 /* SoapConnectionInterface.swift */ = {isa = PBXFileReference; fileEncoding = 4; lastKnownFileType = sourcecode.swift; path = SoapConnectionInterface.swift; sourceTree = "<group>"; };
		62E2DBF11CECA2D500A6885B /* Podfile */ = {isa = PBXFileReference; fileEncoding = 4; lastKnownFileType = text; path = Podfile; sourceTree = "<group>"; xcLanguageSpecificationIdentifier = xcode.lang.ruby; };
		62E348B41CF23624004BD63D /* Utils.swift */ = {isa = PBXFileReference; fileEncoding = 4; lastKnownFileType = sourcecode.swift; path = Utils.swift; sourceTree = "<group>"; };
		7B92A0B5735E663134D08702 /* Pods-iSWAD.debug.xcconfig */ = {isa = PBXFileReference; includeInIndex = 1; lastKnownFileType = text.xcconfig; name = "Pods-iSWAD.debug.xcconfig"; path = "iSWAD/Pods/Target Support Files/Pods-iSWAD/Pods-iSWAD.debug.xcconfig"; sourceTree = "<group>"; };
		A62EDA2F36E2FEAC7ED97D7E /* Pods_iSWAD.framework */ = {isa = PBXFileReference; explicitFileType = wrapper.framework; includeInIndex = 0; path = Pods_iSWAD.framework; sourceTree = BUILT_PRODUCTS_DIR; };
/* End PBXFileReference section */

/* Begin PBXFrameworksBuildPhase section */
		62BA86731CEA579E00538FE0 /* Frameworks */ = {
			isa = PBXFrameworksBuildPhase;
			buildActionMask = 2147483647;
			files = (
				FF1A5B3C1D776973E5EED816 /* Pods_iSWAD.framework in Frameworks */,
			);
			runOnlyForDeploymentPostprocessing = 0;
		};
		62BA86891CEA579F00538FE0 /* Frameworks */ = {
			isa = PBXFrameworksBuildPhase;
			buildActionMask = 2147483647;
			files = (
			);
			runOnlyForDeploymentPostprocessing = 0;
		};
		62BA86941CEA579F00538FE0 /* Frameworks */ = {
			isa = PBXFrameworksBuildPhase;
			buildActionMask = 2147483647;
			files = (
			);
			runOnlyForDeploymentPostprocessing = 0;
		};
/* End PBXFrameworksBuildPhase section */

/* Begin PBXGroup section */
		62BA866D1CEA579E00538FE0 = {
			isa = PBXGroup;
			children = (
				62BA86781CEA579E00538FE0 /* iSWAD */,
				62BA868F1CEA579F00538FE0 /* iSWADTests */,
				62BA869A1CEA579F00538FE0 /* iSWADUITests */,
				62BA86771CEA579E00538FE0 /* Products */,
				E129BDC14038809565A3FD34 /* Pods */,
				89BB8C0DE6781D8C90E1DF89 /* Frameworks */,
			);
			sourceTree = "<group>";
		};
		62BA86771CEA579E00538FE0 /* Products */ = {
			isa = PBXGroup;
			children = (
				62BA86761CEA579E00538FE0 /* iSWAD.app */,
				62BA868C1CEA579F00538FE0 /* iSWADTests.xctest */,
				62BA86971CEA579F00538FE0 /* iSWADUITests.xctest */,
			);
			name = Products;
			sourceTree = "<group>";
		};
		62BA86781CEA579E00538FE0 /* iSWAD */ = {
			isa = PBXGroup;
			children = (
				62BA86791CEA579E00538FE0 /* AppDelegate.swift */,
				6284EB311D04BD84009AE243 /* LoginViewController.swift */,
				62295CE11D0F07F800114063 /* CoursesMasterViewController.swift */,
				62BA867D1CEA579E00538FE0 /* CoursesDetailViewController.swift */,
				62295CE31D15846000114063 /* NotificationsMasterViewController.swift */,
				62295CE71D1590F700114063 /* NotificationsDetailViewController.swift */,
				62BA86821CEA579F00538FE0 /* Assets.xcassets */,
				62B067551D0856BD001F8C8C /* Main.storyboard */,
				62BA86871CEA579F00538FE0 /* Info.plist */,
				62BA86A91CEA584E00538FE0 /* SoapConnectionInterface.swift */,
				62E348B41CF23624004BD63D /* Utils.swift */,
				62B067531D081B29001F8C8C /* Constants.swift */,
				62BA86841CEA579F00538FE0 /* LaunchScreen.storyboard */,
				62E2DBF11CECA2D500A6885B /* Podfile */,
				62264B801D217CE7008ADA24 /* LoadingOverlay.swift */,
			);
			path = iSWAD;
			sourceTree = "<group>";
		};
		62BA868F1CEA579F00538FE0 /* iSWADTests */ = {
			isa = PBXGroup;
			children = (
				62BA86901CEA579F00538FE0 /* iSWADTests.swift */,
				62BA86921CEA579F00538FE0 /* Info.plist */,
			);
			path = iSWADTests;
			sourceTree = "<group>";
		};
		62BA869A1CEA579F00538FE0 /* iSWADUITests */ = {
			isa = PBXGroup;
			children = (
				62BA869B1CEA579F00538FE0 /* iSWADUITests.swift */,
				62BA869D1CEA579F00538FE0 /* Info.plist */,
			);
			path = iSWADUITests;
			sourceTree = "<group>";
		};
		89BB8C0DE6781D8C90E1DF89 /* Frameworks */ = {
			isa = PBXGroup;
			children = (
				A62EDA2F36E2FEAC7ED97D7E /* Pods_iSWAD.framework */,
			);
			name = Frameworks;
			sourceTree = "<group>";
		};
		E129BDC14038809565A3FD34 /* Pods */ = {
			isa = PBXGroup;
			children = (
				7B92A0B5735E663134D08702 /* Pods-iSWAD.debug.xcconfig */,
				08F6D23A4C7A825B79C31856 /* Pods-iSWAD.release.xcconfig */,
			);
			name = Pods;
			sourceTree = "<group>";
		};
/* End PBXGroup section */

/* Begin PBXNativeTarget section */
		62BA86751CEA579E00538FE0 /* iSWAD */ = {
			isa = PBXNativeTarget;
			buildConfigurationList = 62BA86A01CEA579F00538FE0 /* Build configuration list for PBXNativeTarget "iSWAD" */;
			buildPhases = (
				F18635D942B9154898D2A43B /* 📦 Check Pods Manifest.lock */,
				62BA86721CEA579E00538FE0 /* Sources */,
				62BA86731CEA579E00538FE0 /* Frameworks */,
				62BA86741CEA579E00538FE0 /* Resources */,
				1CFDBC23064E30C67943E018 /* 📦 Embed Pods Frameworks */,
				9945EA62EBE5E7AE6DC1DD68 /* 📦 Copy Pods Resources */,
			);
			buildRules = (
			);
			dependencies = (
			);
			name = iSWAD;
			productName = iSWAD;
			productReference = 62BA86761CEA579E00538FE0 /* iSWAD.app */;
			productType = "com.apple.product-type.application";
		};
		62BA868B1CEA579F00538FE0 /* iSWADTests */ = {
			isa = PBXNativeTarget;
			buildConfigurationList = 62BA86A31CEA579F00538FE0 /* Build configuration list for PBXNativeTarget "iSWADTests" */;
			buildPhases = (
				62BA86881CEA579F00538FE0 /* Sources */,
				62BA86891CEA579F00538FE0 /* Frameworks */,
				62BA868A1CEA579F00538FE0 /* Resources */,
			);
			buildRules = (
			);
			dependencies = (
				62BA868E1CEA579F00538FE0 /* PBXTargetDependency */,
			);
			name = iSWADTests;
			productName = iSWADTests;
			productReference = 62BA868C1CEA579F00538FE0 /* iSWADTests.xctest */;
			productType = "com.apple.product-type.bundle.unit-test";
		};
		62BA86961CEA579F00538FE0 /* iSWADUITests */ = {
			isa = PBXNativeTarget;
			buildConfigurationList = 62BA86A61CEA579F00538FE0 /* Build configuration list for PBXNativeTarget "iSWADUITests" */;
			buildPhases = (
				62BA86931CEA579F00538FE0 /* Sources */,
				62BA86941CEA579F00538FE0 /* Frameworks */,
				62BA86951CEA579F00538FE0 /* Resources */,
			);
			buildRules = (
			);
			dependencies = (
				62BA86991CEA579F00538FE0 /* PBXTargetDependency */,
			);
			name = iSWADUITests;
			productName = iSWADUITests;
			productReference = 62BA86971CEA579F00538FE0 /* iSWADUITests.xctest */;
			productType = "com.apple.product-type.bundle.ui-testing";
		};
/* End PBXNativeTarget section */

/* Begin PBXProject section */
		62BA866E1CEA579E00538FE0 /* Project object */ = {
			isa = PBXProject;
			attributes = {
				LastSwiftUpdateCheck = 0730;
				LastUpgradeCheck = 0730;
				ORGANIZATIONNAME = "Raul Alvarez";
				TargetAttributes = {
					62BA86751CEA579E00538FE0 = {
						CreatedOnToolsVersion = 7.3.1;
						SystemCapabilities = {
							com.apple.BackgroundModes = {
								enabled = 1;
							};
						};
					};
					62BA868B1CEA579F00538FE0 = {
						CreatedOnToolsVersion = 7.3.1;
						TestTargetID = 62BA86751CEA579E00538FE0;
					};
					62BA86961CEA579F00538FE0 = {
						CreatedOnToolsVersion = 7.3.1;
						TestTargetID = 62BA86751CEA579E00538FE0;
					};
				};
			};
			buildConfigurationList = 62BA86711CEA579E00538FE0 /* Build configuration list for PBXProject "iSWAD" */;
			compatibilityVersion = "Xcode 3.2";
			developmentRegion = English;
			hasScannedForEncodings = 0;
			knownRegions = (
				en,
				Base,
			);
			mainGroup = 62BA866D1CEA579E00538FE0;
			productRefGroup = 62BA86771CEA579E00538FE0 /* Products */;
			projectDirPath = "";
			projectRoot = "";
			targets = (
				62BA86751CEA579E00538FE0 /* iSWAD */,
				62BA868B1CEA579F00538FE0 /* iSWADTests */,
				62BA86961CEA579F00538FE0 /* iSWADUITests */,
			);
		};
/* End PBXProject section */

/* Begin PBXResourcesBuildPhase section */
		62BA86741CEA579E00538FE0 /* Resources */ = {
			isa = PBXResourcesBuildPhase;
			buildActionMask = 2147483647;
			files = (
				62BA86861CEA579F00538FE0 /* LaunchScreen.storyboard in Resources */,
				62BA86831CEA579F00538FE0 /* Assets.xcassets in Resources */,
				62E2DBF21CECA2D500A6885B /* Podfile in Resources */,
				62B067571D0856BD001F8C8C /* Main.storyboard in Resources */,
			);
			runOnlyForDeploymentPostprocessing = 0;
		};
		62BA868A1CEA579F00538FE0 /* Resources */ = {
			isa = PBXResourcesBuildPhase;
			buildActionMask = 2147483647;
			files = (
			);
			runOnlyForDeploymentPostprocessing = 0;
		};
		62BA86951CEA579F00538FE0 /* Resources */ = {
			isa = PBXResourcesBuildPhase;
			buildActionMask = 2147483647;
			files = (
			);
			runOnlyForDeploymentPostprocessing = 0;
		};
/* End PBXResourcesBuildPhase section */

/* Begin PBXShellScriptBuildPhase section */
		1CFDBC23064E30C67943E018 /* 📦 Embed Pods Frameworks */ = {
			isa = PBXShellScriptBuildPhase;
			buildActionMask = 2147483647;
			files = (
			);
			inputPaths = (
			);
			name = "📦 Embed Pods Frameworks";
			outputPaths = (
			);
			runOnlyForDeploymentPostprocessing = 0;
			shellPath = /bin/sh;
			shellScript = "\"${SRCROOT}/iSWAD/Pods/Target Support Files/Pods-iSWAD/Pods-iSWAD-frameworks.sh\"\n";
			showEnvVarsInLog = 0;
		};
		9945EA62EBE5E7AE6DC1DD68 /* 📦 Copy Pods Resources */ = {
			isa = PBXShellScriptBuildPhase;
			buildActionMask = 2147483647;
			files = (
			);
			inputPaths = (
			);
			name = "📦 Copy Pods Resources";
			outputPaths = (
			);
			runOnlyForDeploymentPostprocessing = 0;
			shellPath = /bin/sh;
			shellScript = "\"${SRCROOT}/iSWAD/Pods/Target Support Files/Pods-iSWAD/Pods-iSWAD-resources.sh\"\n";
			showEnvVarsInLog = 0;
		};
		F18635D942B9154898D2A43B /* 📦 Check Pods Manifest.lock */ = {
			isa = PBXShellScriptBuildPhase;
			buildActionMask = 2147483647;
			files = (
			);
			inputPaths = (
			);
			name = "📦 Check Pods Manifest.lock";
			outputPaths = (
			);
			runOnlyForDeploymentPostprocessing = 0;
			shellPath = /bin/sh;
			shellScript = "diff \"${PODS_ROOT}/../Podfile.lock\" \"${PODS_ROOT}/Manifest.lock\" > /dev/null\nif [[ $? != 0 ]] ; then\n    cat << EOM\nerror: The sandbox is not in sync with the Podfile.lock. Run 'pod install' or update your CocoaPods installation.\nEOM\n    exit 1\nfi\n";
			showEnvVarsInLog = 0;
		};
/* End PBXShellScriptBuildPhase section */

/* Begin PBXSourcesBuildPhase section */
		62BA86721CEA579E00538FE0 /* Sources */ = {
			isa = PBXSourcesBuildPhase;
			buildActionMask = 2147483647;
			files = (
				6284EB321D04BD84009AE243 /* LoginViewController.swift in Sources */,
				62BA867E1CEA579E00538FE0 /* CoursesDetailViewController.swift in Sources */,
				62BA86AA1CEA584E00538FE0 /* SoapConnectionInterface.swift in Sources */,
				62264B811D217CE7008ADA24 /* LoadingOverlay.swift in Sources */,
				62295CE81D1590F700114063 /* NotificationsDetailViewController.swift in Sources */,
				62295CE21D0F07F800114063 /* CoursesMasterViewController.swift in Sources */,
				62BA867A1CEA579E00538FE0 /* AppDelegate.swift in Sources */,
				62E348B51CF23624004BD63D /* Utils.swift in Sources */,
				62B067541D081B29001F8C8C /* Constants.swift in Sources */,
				62295CE41D15846000114063 /* NotificationsMasterViewController.swift in Sources */,
			);
			runOnlyForDeploymentPostprocessing = 0;
		};
		62BA86881CEA579F00538FE0 /* Sources */ = {
			isa = PBXSourcesBuildPhase;
			buildActionMask = 2147483647;
			files = (
				62BA86911CEA579F00538FE0 /* iSWADTests.swift in Sources */,
			);
			runOnlyForDeploymentPostprocessing = 0;
		};
		62BA86931CEA579F00538FE0 /* Sources */ = {
			isa = PBXSourcesBuildPhase;
			buildActionMask = 2147483647;
			files = (
				62BA869C1CEA579F00538FE0 /* iSWADUITests.swift in Sources */,
			);
			runOnlyForDeploymentPostprocessing = 0;
		};
/* End PBXSourcesBuildPhase section */

/* Begin PBXTargetDependency section */
		62BA868E1CEA579F00538FE0 /* PBXTargetDependency */ = {
			isa = PBXTargetDependency;
			target = 62BA86751CEA579E00538FE0 /* iSWAD */;
			targetProxy = 62BA868D1CEA579F00538FE0 /* PBXContainerItemProxy */;
		};
		62BA86991CEA579F00538FE0 /* PBXTargetDependency */ = {
			isa = PBXTargetDependency;
			target = 62BA86751CEA579E00538FE0 /* iSWAD */;
			targetProxy = 62BA86981CEA579F00538FE0 /* PBXContainerItemProxy */;
		};
/* End PBXTargetDependency section */

/* Begin PBXVariantGroup section */
		62B067551D0856BD001F8C8C /* Main.storyboard */ = {
			isa = PBXVariantGroup;
			children = (
				62B067561D0856BD001F8C8C /* Base */,
			);
			name = Main.storyboard;
			sourceTree = "<group>";
		};
		62BA86841CEA579F00538FE0 /* LaunchScreen.storyboard */ = {
			isa = PBXVariantGroup;
			children = (
				62BA86851CEA579F00538FE0 /* Base */,
			);
			name = LaunchScreen.storyboard;
			sourceTree = "<group>";
		};
/* End PBXVariantGroup section */

/* Begin XCBuildConfiguration section */
		62BA869E1CEA579F00538FE0 /* Debug */ = {
			isa = XCBuildConfiguration;
			buildSettings = {
				ALWAYS_SEARCH_USER_PATHS = NO;
				CLANG_ANALYZER_NONNULL = YES;
				CLANG_CXX_LANGUAGE_STANDARD = "gnu++0x";
				CLANG_CXX_LIBRARY = "libc++";
				CLANG_ENABLE_MODULES = YES;
				CLANG_ENABLE_OBJC_ARC = YES;
				CLANG_WARN_BOOL_CONVERSION = YES;
				CLANG_WARN_CONSTANT_CONVERSION = YES;
				CLANG_WARN_DIRECT_OBJC_ISA_USAGE = YES_ERROR;
				CLANG_WARN_EMPTY_BODY = YES;
				CLANG_WARN_ENUM_CONVERSION = YES;
				CLANG_WARN_INT_CONVERSION = YES;
				CLANG_WARN_OBJC_ROOT_CLASS = YES_ERROR;
				CLANG_WARN_UNREACHABLE_CODE = YES;
				CLANG_WARN__DUPLICATE_METHOD_MATCH = YES;
				"CODE_SIGN_IDENTITY[sdk=iphoneos*]" = "iPhone Developer";
				COPY_PHASE_STRIP = NO;
				DEBUG_INFORMATION_FORMAT = dwarf;
				ENABLE_STRICT_OBJC_MSGSEND = YES;
				ENABLE_TESTABILITY = YES;
				GCC_C_LANGUAGE_STANDARD = gnu99;
				GCC_DYNAMIC_NO_PIC = NO;
				GCC_NO_COMMON_BLOCKS = YES;
				GCC_OPTIMIZATION_LEVEL = 0;
				GCC_PREPROCESSOR_DEFINITIONS = (
					"DEBUG=1",
					"$(inherited)",
				);
				GCC_WARN_64_TO_32_BIT_CONVERSION = YES;
				GCC_WARN_ABOUT_RETURN_TYPE = YES_ERROR;
				GCC_WARN_UNDECLARED_SELECTOR = YES;
				GCC_WARN_UNINITIALIZED_AUTOS = YES_AGGRESSIVE;
				GCC_WARN_UNUSED_FUNCTION = YES;
				GCC_WARN_UNUSED_VARIABLE = YES;
				IPHONEOS_DEPLOYMENT_TARGET = 9.3;
				MTL_ENABLE_DEBUG_INFO = YES;
				ONLY_ACTIVE_ARCH = YES;
				SDKROOT = iphoneos;
				SWIFT_OPTIMIZATION_LEVEL = "-Onone";
				TARGETED_DEVICE_FAMILY = "1,2";
			};
			name = Debug;
		};
		62BA869F1CEA579F00538FE0 /* Release */ = {
			isa = XCBuildConfiguration;
			buildSettings = {
				ALWAYS_SEARCH_USER_PATHS = NO;
				CLANG_ANALYZER_NONNULL = YES;
				CLANG_CXX_LANGUAGE_STANDARD = "gnu++0x";
				CLANG_CXX_LIBRARY = "libc++";
				CLANG_ENABLE_MODULES = YES;
				CLANG_ENABLE_OBJC_ARC = YES;
				CLANG_WARN_BOOL_CONVERSION = YES;
				CLANG_WARN_CONSTANT_CONVERSION = YES;
				CLANG_WARN_DIRECT_OBJC_ISA_USAGE = YES_ERROR;
				CLANG_WARN_EMPTY_BODY = YES;
				CLANG_WARN_ENUM_CONVERSION = YES;
				CLANG_WARN_INT_CONVERSION = YES;
				CLANG_WARN_OBJC_ROOT_CLASS = YES_ERROR;
				CLANG_WARN_UNREACHABLE_CODE = YES;
				CLANG_WARN__DUPLICATE_METHOD_MATCH = YES;
				"CODE_SIGN_IDENTITY[sdk=iphoneos*]" = "iPhone Developer";
				COPY_PHASE_STRIP = NO;
				DEBUG_INFORMATION_FORMAT = "dwarf-with-dsym";
				ENABLE_NS_ASSERTIONS = NO;
				ENABLE_STRICT_OBJC_MSGSEND = YES;
				GCC_C_LANGUAGE_STANDARD = gnu99;
				GCC_NO_COMMON_BLOCKS = YES;
				GCC_WARN_64_TO_32_BIT_CONVERSION = YES;
				GCC_WARN_ABOUT_RETURN_TYPE = YES_ERROR;
				GCC_WARN_UNDECLARED_SELECTOR = YES;
				GCC_WARN_UNINITIALIZED_AUTOS = YES_AGGRESSIVE;
				GCC_WARN_UNUSED_FUNCTION = YES;
				GCC_WARN_UNUSED_VARIABLE = YES;
				IPHONEOS_DEPLOYMENT_TARGET = 9.3;
				MTL_ENABLE_DEBUG_INFO = NO;
				SDKROOT = iphoneos;
				TARGETED_DEVICE_FAMILY = "1,2";
				VALIDATE_PRODUCT = YES;
			};
			name = Release;
		};
		62BA86A11CEA579F00538FE0 /* Debug */ = {
			isa = XCBuildConfiguration;
			baseConfigurationReference = 7B92A0B5735E663134D08702 /* Pods-iSWAD.debug.xcconfig */;
			buildSettings = {
				ASSETCATALOG_COMPILER_APPICON_NAME = AppIcon;
				GCC_OPTIMIZATION_LEVEL = 0;
				INFOPLIST_FILE = iSWAD/Info.plist;
				LD_RUNPATH_SEARCH_PATHS = "$(inherited) @executable_path/Frameworks";
				PRODUCT_BUNDLE_IDENTIFIER = ugr.iSWAD;
				PRODUCT_NAME = "$(TARGET_NAME)";
				TARGETED_DEVICE_FAMILY = 2;
			};
			name = Debug;
		};
		62BA86A21CEA579F00538FE0 /* Release */ = {
			isa = XCBuildConfiguration;
			baseConfigurationReference = 08F6D23A4C7A825B79C31856 /* Pods-iSWAD.release.xcconfig */;
			buildSettings = {
				ASSETCATALOG_COMPILER_APPICON_NAME = AppIcon;
				GCC_OPTIMIZATION_LEVEL = s;
				INFOPLIST_FILE = iSWAD/Info.plist;
				LD_RUNPATH_SEARCH_PATHS = "$(inherited) @executable_path/Frameworks";
				PRODUCT_BUNDLE_IDENTIFIER = ugr.iSWAD;
				PRODUCT_NAME = "$(TARGET_NAME)";
				TARGETED_DEVICE_FAMILY = 2;
			};
			name = Release;
		};
		62BA86A41CEA579F00538FE0 /* Debug */ = {
			isa = XCBuildConfiguration;
			buildSettings = {
				BUNDLE_LOADER = "$(TEST_HOST)";
				INFOPLIST_FILE = iSWADTests/Info.plist;
				LD_RUNPATH_SEARCH_PATHS = "$(inherited) @executable_path/Frameworks @loader_path/Frameworks";
				PRODUCT_BUNDLE_IDENTIFIER = ugr.iSWADTests;
				PRODUCT_NAME = "$(TARGET_NAME)";
				TEST_HOST = "$(BUILT_PRODUCTS_DIR)/iSWAD.app/iSWAD";
			};
			name = Debug;
		};
		62BA86A51CEA579F00538FE0 /* Release */ = {
			isa = XCBuildConfiguration;
			buildSettings = {
				BUNDLE_LOADER = "$(TEST_HOST)";
				INFOPLIST_FILE = iSWADTests/Info.plist;
				LD_RUNPATH_SEARCH_PATHS = "$(inherited) @executable_path/Frameworks @loader_path/Frameworks";
				PRODUCT_BUNDLE_IDENTIFIER = ugr.iSWADTests;
				PRODUCT_NAME = "$(TARGET_NAME)";
				TEST_HOST = "$(BUILT_PRODUCTS_DIR)/iSWAD.app/iSWAD";
			};
			name = Release;
		};
		62BA86A71CEA579F00538FE0 /* Debug */ = {
			isa = XCBuildConfiguration;
			buildSettings = {
				INFOPLIST_FILE = iSWADUITests/Info.plist;
				LD_RUNPATH_SEARCH_PATHS = "$(inherited) @executable_path/Frameworks @loader_path/Frameworks";
				PRODUCT_BUNDLE_IDENTIFIER = ugr.iSWADUITests;
				PRODUCT_NAME = "$(TARGET_NAME)";
				TEST_TARGET_NAME = iSWAD;
			};
			name = Debug;
		};
		62BA86A81CEA579F00538FE0 /* Release */ = {
			isa = XCBuildConfiguration;
			buildSettings = {
				INFOPLIST_FILE = iSWADUITests/Info.plist;
				LD_RUNPATH_SEARCH_PATHS = "$(inherited) @executable_path/Frameworks @loader_path/Frameworks";
				PRODUCT_BUNDLE_IDENTIFIER = ugr.iSWADUITests;
				PRODUCT_NAME = "$(TARGET_NAME)";
				TEST_TARGET_NAME = iSWAD;
			};
			name = Release;
		};
/* End XCBuildConfiguration section */

/* Begin XCConfigurationList section */
		62BA86711CEA579E00538FE0 /* Build configuration list for PBXProject "iSWAD" */ = {
			isa = XCConfigurationList;
			buildConfigurations = (
				62BA869E1CEA579F00538FE0 /* Debug */,
				62BA869F1CEA579F00538FE0 /* Release */,
			);
			defaultConfigurationIsVisible = 0;
			defaultConfigurationName = Release;
		};
		62BA86A01CEA579F00538FE0 /* Build configuration list for PBXNativeTarget "iSWAD" */ = {
			isa = XCConfigurationList;
			buildConfigurations = (
				62BA86A11CEA579F00538FE0 /* Debug */,
				62BA86A21CEA579F00538FE0 /* Release */,
			);
			defaultConfigurationIsVisible = 0;
			defaultConfigurationName = Release;
		};
		62BA86A31CEA579F00538FE0 /* Build configuration list for PBXNativeTarget "iSWADTests" */ = {
			isa = XCConfigurationList;
			buildConfigurations = (
				62BA86A41CEA579F00538FE0 /* Debug */,
				62BA86A51CEA579F00538FE0 /* Release */,
			);
			defaultConfigurationIsVisible = 0;
			defaultConfigurationName = Release;
		};
		62BA86A61CEA579F00538FE0 /* Build configuration list for PBXNativeTarget "iSWADUITests" */ = {
			isa = XCConfigurationList;
			buildConfigurations = (
				62BA86A71CEA579F00538FE0 /* Debug */,
				62BA86A81CEA579F00538FE0 /* Release */,
			);
			defaultConfigurationIsVisible = 0;
			defaultConfigurationName = Release;
		};
/* End XCConfigurationList section */
	};
	rootObject = 62BA866E1CEA579E00538FE0 /* Project object */;
}
